
Microsoft Visual Studio Solution File, Format Version 12.00
Project("{FAE04EC0-301F-11D3-BF4B-00C04F79EFBC}") = "PersonalTrees", "PersonalTrees.csproj", "{C15DE161-189E-4D61-9C5A-9E2D88A49006}"
EndProject
Global
	GlobalSection(SolutionConfigurationPlatforms) = preSolution
		Debug|Any CPU = Debug|Any CPU
		Release|Any CPU = Release|Any CPU
	EndGlobalSection
	GlobalSection(ProjectConfigurationPlatforms) = postSolution
		{C15DE161-189E-4D61-9C5A-9E2D88A49006}.Debug|Any CPU.ActiveCfg = Debug|Any CPU
		{C15DE161-189E-4D61-9C5A-9E2D88A49006}.Debug|Any CPU.Build.0 = Debug|Any CPU
		{C15DE161-189E-4D61-9C5A-9E2D88A49006}.Release|Any CPU.ActiveCfg = Release|Any CPU
		{C15DE161-189E-4D61-9C5A-9E2D88A49006}.Release|Any CPU.Build.0 = Release|Any CPU
	EndGlobalSection
EndGlobal
